
Microsoft Visual Studio Solution File, Format Version 12.00
# Visual Studio Version 17
VisualStudioVersion = 17.9.34701.34
MinimumVisualStudioVersion = 10.0.40219.1
Project("{FAE04EC0-301F-11D3-BF4B-00C04F79EFBC}") = "ColorMaker", "ColorMaker\ColorMaker.csproj", "{ED9DB6F8-265D-471C-9BE2-F2C9D55246F5}"
EndProject
Global
	GlobalSection(SolutionConfigurationPlatforms) = preSolution
		Debug|Any CPU = Debug|Any CPU
		Release|Any CPU = Release|Any CPU
	EndGlobalSection
	GlobalSection(ProjectConfigurationPlatforms) = postSolution
		{ED9DB6F8-265D-471C-9BE2-F2C9D55246F5}.Debug|Any CPU.ActiveCfg = Debug|Any CPU
		{ED9DB6F8-265D-471C-9BE2-F2C9D55246F5}.Debug|Any CPU.Build.0 = Debug|Any CPU
		{ED9DB6F8-265D-471C-9BE2-F2C9D55246F5}.Debug|Any CPU.Deploy.0 = Debug|Any CPU
		{ED9DB6F8-265D-471C-9BE2-F2C9D55246F5}.Release|Any CPU.ActiveCfg = Release|Any CPU
		{ED9DB6F8-265D-471C-9BE2-F2C9D55246F5}.Release|Any CPU.Build.0 = Release|Any CPU
		{ED9DB6F8-265D-471C-9BE2-F2C9D55246F5}.Release|Any CPU.Deploy.0 = Release|Any CPU
	EndGlobalSection
	GlobalSection(SolutionProperties) = preSolution
		HideSolutionNode = FALSE
	EndGlobalSection
	GlobalSection(ExtensibilityGlobals) = postSolution
		SolutionGuid = {2A4EFFF6-98C0-4911-8B49-2D37BF5BDEC2}
	EndGlobalSection
EndGlobal
